
Microsoft Visual Studio Solution File, Format Version 12.00
# Visual Studio Version 16
VisualStudioVersion = 16.0.28803.352
MinimumVisualStudioVersion = 10.0.40219.1
Project("{8BC9CEB8-8B4A-11D0-8D11-00A0C91BC942}") = "TestMultiThreadApp", "TestMultiThreadApp\TestMultiThreadApp.vcxproj", "{092E776F-A617-4661-9A2E-3C74F1509C38}"
EndProject
Global
	GlobalSection(SolutionConfigurationPlatforms) = preSolution
		Debug|x64 = Debug|x64
		Debug|x86 = Debug|x86
		Release|x64 = Release|x64
		Release|x86 = Release|x86
	EndGlobalSection
	GlobalSection(ProjectConfigurationPlatforms) = postSolution
		{092E776F-A617-4661-9A2E-3C74F1509C38}.Debug|x64.ActiveCfg = Debug|x64
		{092E776F-A617-4661-9A2E-3C74F1509C38}.Debug|x64.Build.0 = Debug|x64
		{092E776F-A617-4661-9A2E-3C74F1509C38}.Debug|x86.ActiveCfg = Debug|Win32
		{092E776F-A617-4661-9A2E-3C74F1509C38}.Debug|x86.Build.0 = Debug|Win32
		{092E776F-A617-4661-9A2E-3C74F1509C38}.Release|x64.ActiveCfg = Release|x64
		{092E776F-A617-4661-9A2E-3C74F1509C38}.Release|x64.Build.0 = Release|x64
		{092E776F-A617-4661-9A2E-3C74F1509C38}.Release|x86.ActiveCfg = Release|Win32
		{092E776F-A617-4661-9A2E-3C74F1509C38}.Release|x86.Build.0 = Release|Win32
	EndGlobalSection
	GlobalSection(SolutionProperties) = preSolution
		HideSolutionNode = FALSE
	EndGlobalSection
	GlobalSection(ExtensibilityGlobals) = postSolution
		SolutionGuid = {CA39BEE1-BD3A-4D69-B3FA-7AA533E6C686}
	EndGlobalSection
EndGlobal
